
Microsoft Visual Studio Solution File, Format Version 12.00
# Visual Studio Version 17
VisualStudioVersion = 17.5.33516.290
MinimumVisualStudioVersion = 10.0.40219.1
Project("{8BC9CEB8-8B4A-11D0-8D11-00A0C91BC942}") = "x64dbgYaraScan", "x64dbgYaraScan\x64dbgYaraScan.vcxproj", "{AF0E2E88-5070-47A4-B8C7-6A5200630737}"
EndProject
Project("{8BC9CEB8-8B4A-11D0-8D11-00A0C91BC942}") = "yaracpp", "yaracpp\yaracpp.vcxproj", "{5D083FD8-2A7A-4039-83F9-F26EB298D299}"
EndProject
Global
	GlobalSection(SolutionConfigurationPlatforms) = preSolution
		Debug|x64 = Debug|x64
		Debug|x86 = Debug|x86
		Release|x64 = Release|x64
		Release|x86 = Release|x86
	EndGlobalSection
	GlobalSection(ProjectConfigurationPlatforms) = postSolution
		{AF0E2E88-5070-47A4-B8C7-6A5200630737}.Debug|x64.ActiveCfg = Debug|x64
		{AF0E2E88-5070-47A4-B8C7-6A5200630737}.Debug|x64.Build.0 = Debug|x64
		{AF0E2E88-5070-47A4-B8C7-6A5200630737}.Debug|x86.ActiveCfg = Debug|Win32
		{AF0E2E88-5070-47A4-B8C7-6A5200630737}.Debug|x86.Build.0 = Debug|Win32
		{AF0E2E88-5070-47A4-B8C7-6A5200630737}.Release|x64.ActiveCfg = Release|x64
		{AF0E2E88-5070-47A4-B8C7-6A5200630737}.Release|x64.Build.0 = Release|x64
		{AF0E2E88-5070-47A4-B8C7-6A5200630737}.Release|x86.ActiveCfg = Release|Win32
		{AF0E2E88-5070-47A4-B8C7-6A5200630737}.Release|x86.Build.0 = Release|Win32
		{5D083FD8-2A7A-4039-83F9-F26EB298D299}.Debug|x64.ActiveCfg = Debug|x64
		{5D083FD8-2A7A-4039-83F9-F26EB298D299}.Debug|x64.Build.0 = Debug|x64
		{5D083FD8-2A7A-4039-83F9-F26EB298D299}.Debug|x86.ActiveCfg = Debug|Win32
		{5D083FD8-2A7A-4039-83F9-F26EB298D299}.Debug|x86.Build.0 = Debug|Win32
		{5D083FD8-2A7A-4039-83F9-F26EB298D299}.Release|x64.ActiveCfg = Release|x64
		{5D083FD8-2A7A-4039-83F9-F26EB298D299}.Release|x64.Build.0 = Release|x64
		{5D083FD8-2A7A-4039-83F9-F26EB298D299}.Release|x86.ActiveCfg = Release|Win32
		{5D083FD8-2A7A-4039-83F9-F26EB298D299}.Release|x86.Build.0 = Release|Win32
	EndGlobalSection
	GlobalSection(SolutionProperties) = preSolution
		HideSolutionNode = FALSE
	EndGlobalSection
	GlobalSection(ExtensibilityGlobals) = postSolution
		SolutionGuid = {81727579-B84A-4C55-9D03-38B43E2A9AAE}
	EndGlobalSection
EndGlobal
